
Microsoft Visual Studio Solution File, Format Version 12.00
# Visual Studio Version 17
VisualStudioVersion = 17.5.33530.505
MinimumVisualStudioVersion = 10.0.40219.1
Project("{FAE04EC0-301F-11D3-BF4B-00C04F79EFBC}") = "VE", "VE.csproj", "{B911BEFB-8100-4BED-B342-AFBAED32FDDB}"
EndProject
Project("{FAE04EC0-301F-11D3-BF4B-00C04F79EFBC}") = "SampleGame", "..\SampleGame\SampleGame.csproj", "{D544BA3E-3D42-4786-B785-2812594B6643}"
EndProject
Global
	GlobalSection(SolutionConfigurationPlatforms) = preSolution
		Debug|Any CPU = Debug|Any CPU
		Release|Any CPU = Release|Any CPU
	EndGlobalSection
	GlobalSection(ProjectConfigurationPlatforms) = postSolution
		{B911BEFB-8100-4BED-B342-AFBAED32FDDB}.Debug|Any CPU.ActiveCfg = Debug|Any CPU
		{B911BEFB-8100-4BED-B342-AFBAED32FDDB}.Debug|Any CPU.Build.0 = Debug|Any CPU
		{B911BEFB-8100-4BED-B342-AFBAED32FDDB}.Release|Any CPU.ActiveCfg = Release|Any CPU
		{B911BEFB-8100-4BED-B342-AFBAED32FDDB}.Release|Any CPU.Build.0 = Release|Any CPU
		{D544BA3E-3D42-4786-B785-2812594B6643}.Debug|Any CPU.ActiveCfg = Debug|Any CPU
		{D544BA3E-3D42-4786-B785-2812594B6643}.Debug|Any CPU.Build.0 = Debug|Any CPU
		{D544BA3E-3D42-4786-B785-2812594B6643}.Release|Any CPU.ActiveCfg = Release|Any CPU
		{D544BA3E-3D42-4786-B785-2812594B6643}.Release|Any CPU.Build.0 = Release|Any CPU
	EndGlobalSection
	GlobalSection(SolutionProperties) = preSolution
		HideSolutionNode = FALSE
	EndGlobalSection
	GlobalSection(ExtensibilityGlobals) = postSolution
		SolutionGuid = {4992DC25-A9BC-4F00-AB10-C122D214D12A}
	EndGlobalSection
EndGlobal
